
Microsoft Visual Studio Solution File, Format Version 11.00
# Visual C++ Express 2010
Project("{8BC9CEB8-8B4A-11D0-8D11-00A0C91BC942}") = "dspAssignment", "dspAssignment\dspAssignment.vcxproj", "{0B14713A-0541-4D9B-98A9-F0EC8217A973}"
EndProject
Global
	GlobalSection(SolutionConfigurationPlatforms) = preSolution
		Debug|Win32 = Debug|Win32
		Release|Win32 = Release|Win32
	EndGlobalSection
	GlobalSection(ProjectConfigurationPlatforms) = postSolution
		{0B14713A-0541-4D9B-98A9-F0EC8217A973}.Debug|Win32.ActiveCfg = Debug|Win32
		{0B14713A-0541-4D9B-98A9-F0EC8217A973}.Debug|Win32.Build.0 = Debug|Win32
		{0B14713A-0541-4D9B-98A9-F0EC8217A973}.Release|Win32.ActiveCfg = Release|Win32
		{0B14713A-0541-4D9B-98A9-F0EC8217A973}.Release|Win32.Build.0 = Release|Win32
	EndGlobalSection
	GlobalSection(SolutionProperties) = preSolution
		HideSolutionNode = FALSE
	EndGlobalSection
EndGlobal
